
Microsoft Visual Studio Solution File, Format Version 12.00
# Visual Studio Version 16
VisualStudioVersion = 16.0.31515.178
MinimumVisualStudioVersion = 10.0.40219.1
Project("{FAE04EC0-301F-11D3-BF4B-00C04F79EFBC}") = "CSharpDiscord", "CSharpDiscord\CSharpDiscord.csproj", "{3D1F7D08-AF86-4D51-B15C-DC76B820BC4C}"
EndProject
Global
	GlobalSection(SolutionConfigurationPlatforms) = preSolution
		Debug|Any CPU = Debug|Any CPU
		Release|Any CPU = Release|Any CPU
	EndGlobalSection
	GlobalSection(ProjectConfigurationPlatforms) = postSolution
		{3D1F7D08-AF86-4D51-B15C-DC76B820BC4C}.Debug|Any CPU.ActiveCfg = Debug|Any CPU
		{3D1F7D08-AF86-4D51-B15C-DC76B820BC4C}.Debug|Any CPU.Build.0 = Debug|Any CPU
		{3D1F7D08-AF86-4D51-B15C-DC76B820BC4C}.Release|Any CPU.ActiveCfg = Release|Any CPU
		{3D1F7D08-AF86-4D51-B15C-DC76B820BC4C}.Release|Any CPU.Build.0 = Release|Any CPU
	EndGlobalSection
	GlobalSection(SolutionProperties) = preSolution
		HideSolutionNode = FALSE
	EndGlobalSection
	GlobalSection(ExtensibilityGlobals) = postSolution
		SolutionGuid = {1B6C3BD0-8C23-4133-9A02-BE846706CFD2}
	EndGlobalSection
EndGlobal
