
Microsoft Visual Studio Solution File, Format Version 12.00
# Visual Studio Version 16
VisualStudioVersion = 16.0.31515.178
MinimumVisualStudioVersion = 10.0.40219.1
Project("{FAE04EC0-301F-11D3-BF4B-00C04F79EFBC}") = "PrimerMenu", "PrimerMenu\PrimerMenu.csproj", "{9E734944-F9DF-46D1-BBE7-AD42D7E17851}"
EndProject
Global
	GlobalSection(SolutionConfigurationPlatforms) = preSolution
		Debug|Any CPU = Debug|Any CPU
		Release|Any CPU = Release|Any CPU
	EndGlobalSection
	GlobalSection(ProjectConfigurationPlatforms) = postSolution
		{9E734944-F9DF-46D1-BBE7-AD42D7E17851}.Debug|Any CPU.ActiveCfg = Debug|Any CPU
		{9E734944-F9DF-46D1-BBE7-AD42D7E17851}.Debug|Any CPU.Build.0 = Debug|Any CPU
		{9E734944-F9DF-46D1-BBE7-AD42D7E17851}.Release|Any CPU.ActiveCfg = Release|Any CPU
		{9E734944-F9DF-46D1-BBE7-AD42D7E17851}.Release|Any CPU.Build.0 = Release|Any CPU
	EndGlobalSection
	GlobalSection(SolutionProperties) = preSolution
		HideSolutionNode = FALSE
	EndGlobalSection
	GlobalSection(ExtensibilityGlobals) = postSolution
		SolutionGuid = {3C7BC6D5-3110-4337-939E-886B3FCDC091}
	EndGlobalSection
EndGlobal
